
Microsoft Visual Studio Solution File, Format Version 12.00
# Visual Studio Version 17
VisualStudioVersion = 17.11.35111.106
MinimumVisualStudioVersion = 10.0.40219.1
Project("{9A19103F-16F7-4668-BE54-9A1E7A4F7556}") = "GlbToUsdz.Core", "GlbToUsdz.Core\GlbToUsdz.Core.csproj", "{58897337-3287-42DE-B692-771C2282FADB}"
EndProject
Project("{9A19103F-16F7-4668-BE54-9A1E7A4F7556}") = "GlbToUsdz.Server", "GlbToUsdz.Server\GlbToUsdz.Server.csproj", "{CC49648D-55BA-45D7-9E02-B90A3E01C82D}"
EndProject
Project("{9A19103F-16F7-4668-BE54-9A1E7A4F7556}") = "GlbToUsdz.Console", "GlbToUsdz.Console\GlbToUsdz.Console.csproj", "{0819F910-3273-4461-A951-0558A466890F}"
EndProject
Project("{2150E333-8FDC-42A3-9474-1A3956D46DE8}") = "Solution Items", "Solution Items", "{00AB73D4-18C4-44F2-8F55-EB60447AF7AC}"
	ProjectSection(SolutionItems) = preProject
		.gitattributes = .gitattributes
		.gitignore = .gitignore
		LICENSE = LICENSE
		.github\workflows\main_glbtousdz.yml = .github\workflows\main_glbtousdz.yml
		README.md = README.md
	EndProjectSection
EndProject
Global
	GlobalSection(SolutionConfigurationPlatforms) = preSolution
		Debug|Any CPU = Debug|Any CPU
		Release|Any CPU = Release|Any CPU
	EndGlobalSection
	GlobalSection(ProjectConfigurationPlatforms) = postSolution
		{58897337-3287-42DE-B692-771C2282FADB}.Debug|Any CPU.ActiveCfg = Debug|Any CPU
		{58897337-3287-42DE-B692-771C2282FADB}.Debug|Any CPU.Build.0 = Debug|Any CPU
		{58897337-3287-42DE-B692-771C2282FADB}.Release|Any CPU.ActiveCfg = Release|Any CPU
		{58897337-3287-42DE-B692-771C2282FADB}.Release|Any CPU.Build.0 = Release|Any CPU
		{CC49648D-55BA-45D7-9E02-B90A3E01C82D}.Debug|Any CPU.ActiveCfg = Debug|Any CPU
		{CC49648D-55BA-45D7-9E02-B90A3E01C82D}.Debug|Any CPU.Build.0 = Debug|Any CPU
		{CC49648D-55BA-45D7-9E02-B90A3E01C82D}.Release|Any CPU.ActiveCfg = Release|Any CPU
		{CC49648D-55BA-45D7-9E02-B90A3E01C82D}.Release|Any CPU.Build.0 = Release|Any CPU
		{0819F910-3273-4461-A951-0558A466890F}.Debug|Any CPU.ActiveCfg = Debug|Any CPU
		{0819F910-3273-4461-A951-0558A466890F}.Debug|Any CPU.Build.0 = Debug|Any CPU
		{0819F910-3273-4461-A951-0558A466890F}.Release|Any CPU.ActiveCfg = Release|Any CPU
		{0819F910-3273-4461-A951-0558A466890F}.Release|Any CPU.Build.0 = Release|Any CPU
	EndGlobalSection
	GlobalSection(SolutionProperties) = preSolution
		HideSolutionNode = FALSE
	EndGlobalSection
	GlobalSection(ExtensibilityGlobals) = postSolution
		SolutionGuid = {F93CEAB7-9998-4E0E-A2F7-5BDD3AED79EC}
	EndGlobalSection
EndGlobal
